
Microsoft Visual Studio Solution File, Format Version 12.00
# Visual Studio 15
VisualStudioVersion = 15.0.28010.2041
MinimumVisualStudioVersion = 10.0.40219.1
Project("{FAE04EC0-301F-11D3-BF4B-00C04F79EFBC}") = "SWEGroup1", "SWEGroup1\SWEGroup1.csproj", "{B7DF3222-0DBA-4C8F-807A-8DBC0B2D855B}"
EndProject
Global
	GlobalSection(SolutionConfigurationPlatforms) = preSolution
		Debug|Any CPU = Debug|Any CPU
		Release|Any CPU = Release|Any CPU
	EndGlobalSection
	GlobalSection(ProjectConfigurationPlatforms) = postSolution
		{B7DF3222-0DBA-4C8F-807A-8DBC0B2D855B}.Debug|Any CPU.ActiveCfg = Debug|Any CPU
		{B7DF3222-0DBA-4C8F-807A-8DBC0B2D855B}.Debug|Any CPU.Build.0 = Debug|Any CPU
		{B7DF3222-0DBA-4C8F-807A-8DBC0B2D855B}.Release|Any CPU.ActiveCfg = Release|Any CPU
		{B7DF3222-0DBA-4C8F-807A-8DBC0B2D855B}.Release|Any CPU.Build.0 = Release|Any CPU
	EndGlobalSection
	GlobalSection(SolutionProperties) = preSolution
		HideSolutionNode = FALSE
	EndGlobalSection
	GlobalSection(ExtensibilityGlobals) = postSolution
		SolutionGuid = {A59C0E16-64E3-4745-AC6E-19808E705644}
	EndGlobalSection
EndGlobal
